<?xml version="1.0" encoding="utf-8"?>
<Project ToolsVersion="4.0" xmlns="http://schemas.microsoft.com/developer/msbuild/2003">
  <ItemGroup>
    <Filter Include="ソース ファイル">
      <UniqueIdentifier>{4FC737F1-C7A5-4376-A066-2A32D752A2FF}</UniqueIdentifier>
      <Extensions>cpp;c;cc;cxx;c++;cppm;ixx;def;odl;idl;hpj;bat;asm;asmx</Extensions>
    </Filter>
    <Filter Include="ヘッダー ファイル">
      <UniqueIdentifier>{93995380-89BD-4b04-88EB-625FBE52EBFB}</UniqueIdentifier>
      <Extensions>h;hh;hpp;hxx;h++;hm;inl;inc;ipp;xsd</Extensions>
    </Filter>
    <Filter Include="リソース ファイル">
      <UniqueIdentifier>{67DA6AB6-F800-4c08-8B7A-83BB121AAD01}</UniqueIdentifier>
      <Extensions>rc;ico;cur;bmp;dlg;rc2;rct;bin;rgs;gif;jpg;jpeg;jpe;resx;tiff;tif;png;wav;mfcribbon-ms</Extensions>
    </Filter>
    <Filter Include="ソース ファイル\base">
      <UniqueIdentifier>{61bb1bc7-3c4e-42b3-9aa5-4a7504fd2cf2}</UniqueIdentifier>
    </Filter>
    <Filter Include="ヘッダー ファイル\base">
      <UniqueIdentifier>{c0f32006-d22f-4ea6-9d18-b30cc4f09184}</UniqueIdentifier>
    </Filter>
    <Filter Include="ソース ファイル\scene">
      <UniqueIdentifier>{4f1c6636-18cd-406a-9d43-9e72858ad54c}</UniqueIdentifier>
    </Filter>
    <Filter Include="ヘッダー ファイル\scene">
      <UniqueIdentifier>{0f29591e-15a7-4168-8664-516e23d1a869}</UniqueIdentifier>
    </Filter>
    <Filter Include="ソース ファイル\object">
      <UniqueIdentifier>{227e1ab8-81aa-4bcc-886a-b296d301b798}</UniqueIdentifier>
    </Filter>
    <Filter Include="ソース ファイル\effect">
      <UniqueIdentifier>{7be85a2c-0cb1-4a80-b68e-075a25cfa12c}</UniqueIdentifier>
    </Filter>
    <Filter Include="ヘッダー ファイル\object">
      <UniqueIdentifier>{3a58ccff-acab-47a6-94cb-f28a4f10f730}</UniqueIdentifier>
    </Filter>
    <Filter Include="ヘッダー ファイル\effect">
      <UniqueIdentifier>{425f9429-6f67-430c-8a82-edcf75dcded9}</UniqueIdentifier>
    </Filter>
    <Filter Include="ソース ファイル\manager">
      <UniqueIdentifier>{c197d058-3c0b-4377-b11e-3031abe2ae2a}</UniqueIdentifier>
    </Filter>
    <Filter Include="ヘッダー ファイル\manager">
      <UniqueIdentifier>{7ec0ea5b-231d-4840-bdc5-45c02d660e8e}</UniqueIdentifier>
    </Filter>
    <Filter Include="ソース ファイル\character">
      <UniqueIdentifier>{b219c13f-c497-48e4-880d-536d65921f97}</UniqueIdentifier>
    </Filter>
    <Filter Include="ヘッダー ファイル\character">
      <UniqueIdentifier>{13b6b7db-6ecd-408e-b858-0dfabee2bb8d}</UniqueIdentifier>
    </Filter>
    <Filter Include="ヘッダー ファイル\character\state">
      <UniqueIdentifier>{a2494e2e-2f61-4ced-a9b2-5ec6ef848519}</UniqueIdentifier>
    </Filter>
    <Filter Include="ソース ファイル\character\state">
      <UniqueIdentifier>{b932819d-8df0-434a-acb7-5d50dc36f5f0}</UniqueIdentifier>
    </Filter>
    <Filter Include="ヘッダー ファイル\object\UI">
      <UniqueIdentifier>{b2d801e0-1758-4e96-ae20-4228b4f84d23}</UniqueIdentifier>
    </Filter>
    <Filter Include="ソース ファイル\character\prize">
      <UniqueIdentifier>{ebcda85a-da2e-4446-a6d5-b9926dbbbefa}</UniqueIdentifier>
    </Filter>
    <Filter Include="ソース ファイル\character\prize\none">
      <UniqueIdentifier>{42e3faea-4a32-45b5-aad7-8971ebb2ac05}</UniqueIdentifier>
    </Filter>
    <Filter Include="ソース ファイル\character\prize\move">
      <UniqueIdentifier>{7da74261-942b-450f-ae6a-b40afdd53531}</UniqueIdentifier>
    </Filter>
    <Filter Include="ソース ファイル\function">
      <UniqueIdentifier>{8d84b301-50e7-499f-a7fe-a977977351cd}</UniqueIdentifier>
    </Filter>
    <Filter Include="ヘッダー ファイル\function">
      <UniqueIdentifier>{0b4f782b-ce11-4c49-a06a-70110dddc2e8}</UniqueIdentifier>
    </Filter>
    <Filter Include="ヘッダー ファイル\character\prize">
      <UniqueIdentifier>{dbd1659e-2b7a-414c-a0b1-c9090d8ca769}</UniqueIdentifier>
    </Filter>
    <Filter Include="ヘッダー ファイル\character\prize\none">
      <UniqueIdentifier>{5214c42f-47f8-4345-848e-58c7abb28e56}</UniqueIdentifier>
    </Filter>
    <Filter Include="ヘッダー ファイル\character\prize\Move">
      <UniqueIdentifier>{13baa3a3-c22b-40f8-9aec-a7b713204c76}</UniqueIdentifier>
    </Filter>
    <Filter Include="ソース ファイル\object\base">
      <UniqueIdentifier>{83ca562e-b4cf-44fa-bd99-b83ee001be62}</UniqueIdentifier>
    </Filter>
    <Filter Include="ソース ファイル\object\base\object">
      <UniqueIdentifier>{64573c1f-7bcc-4cfa-b317-d1d305e1057f}</UniqueIdentifier>
    </Filter>
    <Filter Include="ソース ファイル\object\UI">
      <UniqueIdentifier>{7f4a6854-b21f-4857-9d70-6d4e6ba891cc}</UniqueIdentifier>
    </Filter>
    <Filter Include="ソース ファイル\object\base\mesh">
      <UniqueIdentifier>{9e0c85b8-6d7f-4c36-b846-20838debbceb}</UniqueIdentifier>
    </Filter>
    <Filter Include="ヘッダー ファイル\object\base">
      <UniqueIdentifier>{5bd08ae8-6ba4-451a-b3dc-acf747c28270}</UniqueIdentifier>
    </Filter>
    <Filter Include="ヘッダー ファイル\object\base\mesh">
      <UniqueIdentifier>{3dc28558-5564-404c-afa8-7a74dc9b7f85}</UniqueIdentifier>
    </Filter>
    <Filter Include="ヘッダー ファイル\object\base\object">
      <UniqueIdentifier>{569342c3-5002-4c6a-8855-38560e7c603e}</UniqueIdentifier>
    </Filter>
  </ItemGroup>
  <ItemGroup>
    <ClInclude Include="camera.h">
      <Filter>ヘッダー ファイル\base</Filter>
    </ClInclude>
    <ClInclude Include="DebugProc.h">
      <Filter>ヘッダー ファイル\base</Filter>
    </ClInclude>
    <ClInclude Include="fade.h">
      <Filter>ヘッダー ファイル\base</Filter>
    </ClInclude>
    <ClInclude Include="input.h">
      <Filter>ヘッダー ファイル\base</Filter>
    </ClInclude>
    <ClInclude Include="light.h">
      <Filter>ヘッダー ファイル\base</Filter>
    </ClInclude>
    <ClInclude Include="loadtxt.h">
      <Filter>ヘッダー ファイル\base</Filter>
    </ClInclude>
    <ClInclude Include="main.h">
      <Filter>ヘッダー ファイル\base</Filter>
    </ClInclude>
    <ClInclude Include="Number.h">
      <Filter>ヘッダー ファイル\base</Filter>
    </ClInclude>
    <ClInclude Include="renderer.h">
      <Filter>ヘッダー ファイル\base</Filter>
    </ClInclude>
    <ClInclude Include="sound.h">
      <Filter>ヘッダー ファイル\base</Filter>
    </ClInclude>
    <ClInclude Include="texture.h">
      <Filter>ヘッダー ファイル\base</Filter>
    </ClInclude>
    <ClInclude Include="effect.h">
      <Filter>ヘッダー ファイル\effect</Filter>
    </ClInclude>
    <ClInclude Include="effect3D.h">
      <Filter>ヘッダー ファイル\effect</Filter>
    </ClInclude>
    <ClInclude Include="particle.h">
      <Filter>ヘッダー ファイル\effect</Filter>
    </ClInclude>
    <ClInclude Include="particle3D.h">
      <Filter>ヘッダー ファイル\effect</Filter>
    </ClInclude>
    <ClInclude Include="manager.h">
      <Filter>ヘッダー ファイル\manager</Filter>
    </ClInclude>
    <ClInclude Include="shadow.h">
      <Filter>ヘッダー ファイル\object</Filter>
    </ClInclude>
    <ClInclude Include="shadowS.h">
      <Filter>ヘッダー ファイル\object</Filter>
    </ClInclude>
    <ClInclude Include="wall.h">
      <Filter>ヘッダー ファイル\object</Filter>
    </ClInclude>
    <ClInclude Include="test.h">
      <Filter>ヘッダー ファイル\scene</Filter>
    </ClInclude>
    <ClInclude Include="fieldManager.h">
      <Filter>ヘッダー ファイル\manager</Filter>
    </ClInclude>
    <ClInclude Include="player.h">
      <Filter>ヘッダー ファイル\character</Filter>
    </ClInclude>
    <ClInclude Include="scene.h">
      <Filter>ヘッダー ファイル\scene</Filter>
    </ClInclude>
    <ClInclude Include="model.h">
      <Filter>ヘッダー ファイル\base</Filter>
    </ClInclude>
    <ClInclude Include="motion.h">
      <Filter>ヘッダー ファイル\base</Filter>
    </ClInclude>
    <ClInclude Include="game.h">
      <Filter>ヘッダー ファイル\scene</Filter>
    </ClInclude>
    <ClInclude Include="title.h">
      <Filter>ヘッダー ファイル\scene</Filter>
    </ClInclude>
    <ClInclude Include="result.h">
      <Filter>ヘッダー ファイル\scene</Filter>
    </ClInclude>
    <ClInclude Include="key.h">
      <Filter>ヘッダー ファイル\base</Filter>
    </ClInclude>
    <ClInclude Include="statebase.h">
      <Filter>ヘッダー ファイル\character\state</Filter>
    </ClInclude>
    <ClInclude Include="statePlayer.h">
      <Filter>ヘッダー ファイル\character\state</Filter>
    </ClInclude>
    <ClInclude Include="meshcylinder.h">
      <Filter>ヘッダー ファイル\object\base\mesh</Filter>
    </ClInclude>
    <ClInclude Include="meshfield.h">
      <Filter>ヘッダー ファイル\object\base\mesh</Filter>
    </ClInclude>
    <ClInclude Include="meshSphere.h">
      <Filter>ヘッダー ファイル\object\base\mesh</Filter>
    </ClInclude>
    <ClInclude Include="Time.h">
      <Filter>ヘッダー ファイル\object\UI</Filter>
    </ClInclude>
    <ClInclude Include="enemy.h">
      <Filter>ヘッダー ファイル\character</Filter>
    </ClInclude>
    <ClInclude Include="collider.h">
      <Filter>ヘッダー ファイル\base</Filter>
    </ClInclude>
    <ClInclude Include="funcCollisionPlayer_to_Enemy.h">
      <Filter>ヘッダー ファイル\function</Filter>
    </ClInclude>
    <ClInclude Include="box.h">
      <Filter>ヘッダー ファイル\character\prize\none</Filter>
    </ClInclude>
    <ClInclude Include="PrizeManager.h">
      <Filter>ヘッダー ファイル\character\prize</Filter>
    </ClInclude>
    <ClInclude Include="collision.h">
      <Filter>ヘッダー ファイル\base</Filter>
    </ClInclude>
    <ClInclude Include="json.hpp">
      <Filter>ヘッダー ファイル\base</Filter>
    </ClInclude>
    <ClInclude Include="pause.h">
      <Filter>ヘッダー ファイル\scene</Filter>
    </ClInclude>
    <ClInclude Include="stateEnemy.h">
      <Filter>ヘッダー ファイル\character\state</Filter>
    </ClInclude>
    <ClInclude Include="function.h">
      <Filter>ヘッダー ファイル\function</Filter>
    </ClInclude>
    <ClInclude Include="funcEnemyGravity.h">
      <Filter>ヘッダー ファイル\function</Filter>
    </ClInclude>
    <ClInclude Include="hole.h">
      <Filter>ヘッダー ファイル\object</Filter>
    </ClInclude>
    <ClInclude Include="object.h">
      <Filter>ヘッダー ファイル\object\base\object</Filter>
    </ClInclude>
    <ClInclude Include="object2D.h">
      <Filter>ヘッダー ファイル\object\base\object</Filter>
    </ClInclude>
    <ClInclude Include="object3D.h">
      <Filter>ヘッダー ファイル\object\base\object</Filter>
    </ClInclude>
    <ClInclude Include="objectBillboard.h">
      <Filter>ヘッダー ファイル\object\base\object</Filter>
    </ClInclude>
    <ClInclude Include="objectX.h">
      <Filter>ヘッダー ファイル\object\base\object</Filter>
    </ClInclude>
    <ClInclude Include="funcCollisionHole_to_Enemy.h">
      <Filter>ヘッダー ファイル\function</Filter>
    </ClInclude>
    <ClInclude Include="bear.h">
      <Filter>ヘッダー ファイル\character\prize\Move</Filter>
    </ClInclude>
  </ItemGroup>
  <ItemGroup>
    <ClCompile Include="camera.cpp">
      <Filter>ソース ファイル\base</Filter>
    </ClCompile>
    <ClCompile Include="DebugProc.cpp">
      <Filter>ソース ファイル\base</Filter>
    </ClCompile>
    <ClCompile Include="effect.cpp">
      <Filter>ソース ファイル\effect</Filter>
    </ClCompile>
    <ClCompile Include="fade.cpp">
      <Filter>ソース ファイル\base</Filter>
    </ClCompile>
    <ClCompile Include="input.cpp">
      <Filter>ソース ファイル\base</Filter>
    </ClCompile>
    <ClCompile Include="light.cpp">
      <Filter>ソース ファイル\base</Filter>
    </ClCompile>
    <ClCompile Include="loadtxt.cpp">
      <Filter>ソース ファイル\base</Filter>
    </ClCompile>
    <ClCompile Include="main.cpp">
      <Filter>ソース ファイル\base</Filter>
    </ClCompile>
    <ClCompile Include="Number.cpp">
      <Filter>ソース ファイル\base</Filter>
    </ClCompile>
    <ClCompile Include="renderer.cpp">
      <Filter>ソース ファイル\base</Filter>
    </ClCompile>
    <ClCompile Include="texture.cpp">
      <Filter>ソース ファイル\base</Filter>
    </ClCompile>
    <ClCompile Include="effect3D.cpp">
      <Filter>ソース ファイル\effect</Filter>
    </ClCompile>
    <ClCompile Include="particle3D.cpp">
      <Filter>ソース ファイル\effect</Filter>
    </ClCompile>
    <ClCompile Include="particle.cpp">
      <Filter>ソース ファイル\effect</Filter>
    </ClCompile>
    <ClCompile Include="manager.cpp">
      <Filter>ソース ファイル\manager</Filter>
    </ClCompile>
    <ClCompile Include="shadowS.cpp">
      <Filter>ソース ファイル\object</Filter>
    </ClCompile>
    <ClCompile Include="shadow.cpp">
      <Filter>ソース ファイル\object</Filter>
    </ClCompile>
    <ClCompile Include="test.cpp">
      <Filter>ソース ファイル\scene</Filter>
    </ClCompile>
    <ClCompile Include="fieldManager.cpp">
      <Filter>ソース ファイル\manager</Filter>
    </ClCompile>
    <ClCompile Include="player.cpp">
      <Filter>ソース ファイル\character</Filter>
    </ClCompile>
    <ClCompile Include="sound.cpp">
      <Filter>ソース ファイル\base</Filter>
    </ClCompile>
    <ClCompile Include="scene.cpp">
      <Filter>ソース ファイル\scene</Filter>
    </ClCompile>
    <ClCompile Include="meshcylinder.cpp">
      <Filter>ソース ファイル\object\base\mesh</Filter>
    </ClCompile>
    <ClCompile Include="meshfield.cpp">
      <Filter>ソース ファイル\object\base\mesh</Filter>
    </ClCompile>
    <ClCompile Include="meshSphere.cpp">
      <Filter>ソース ファイル\object\base\mesh</Filter>
    </ClCompile>
    <ClCompile Include="object.cpp">
      <Filter>ソース ファイル\object\base\object</Filter>
    </ClCompile>
    <ClCompile Include="object2D.cpp">
      <Filter>ソース ファイル\object\base\object</Filter>
    </ClCompile>
    <ClCompile Include="object3D.cpp">
      <Filter>ソース ファイル\object\base\object</Filter>
    </ClCompile>
    <ClCompile Include="objectBillboard.cpp">
      <Filter>ソース ファイル\object\base\object</Filter>
    </ClCompile>
    <ClCompile Include="objectX.cpp">
      <Filter>ソース ファイル\object\base\object</Filter>
    </ClCompile>
    <ClCompile Include="wall.cpp">
      <Filter>ソース ファイル\object\base\object</Filter>
    </ClCompile>
    <ClCompile Include="model.cpp">
      <Filter>ソース ファイル\base</Filter>
    </ClCompile>
    <ClCompile Include="motion.cpp">
      <Filter>ソース ファイル\base</Filter>
    </ClCompile>
    <ClCompile Include="game.cpp">
      <Filter>ソース ファイル\scene</Filter>
    </ClCompile>
    <ClCompile Include="title.cpp">
      <Filter>ソース ファイル\scene</Filter>
    </ClCompile>
    <ClCompile Include="result.cpp">
      <Filter>ソース ファイル\scene</Filter>
    </ClCompile>
    <ClCompile Include="key.cpp">
      <Filter>ソース ファイル\base</Filter>
    </ClCompile>
    <ClCompile Include="statebase.cpp">
      <Filter>ソース ファイル\character\state</Filter>
    </ClCompile>
    <ClCompile Include="statePlayer.cpp">
      <Filter>ソース ファイル\character\state</Filter>
    </ClCompile>
    <ClCompile Include="Time.cpp">
      <Filter>ソース ファイル\object\UI</Filter>
    </ClCompile>
    <ClCompile Include="enemy.cpp">
      <Filter>ソース ファイル\character</Filter>
    </ClCompile>
    <ClCompile Include="box.cpp">
      <Filter>ソース ファイル\character\prize\none</Filter>
    </ClCompile>
    <ClCompile Include="collider.cpp">
      <Filter>ソース ファイル\base</Filter>
    </ClCompile>
    <ClCompile Include="collision.cpp">
      <Filter>ソース ファイル\base</Filter>
    </ClCompile>
    <ClCompile Include="funcCollisionPlayer_to_Enemy.cpp">
      <Filter>ソース ファイル\function</Filter>
    </ClCompile>
    <ClCompile Include="PrizeManager.cpp">
      <Filter>ソース ファイル\character\prize</Filter>
    </ClCompile>
    <ClCompile Include="pause.cpp">
      <Filter>ソース ファイル\scene</Filter>
    </ClCompile>
    <ClCompile Include="stateEnemy.cpp">
      <Filter>ソース ファイル\character\state</Filter>
    </ClCompile>
    <ClCompile Include="function.cpp">
      <Filter>ソース ファイル\function</Filter>
    </ClCompile>
    <ClCompile Include="funcEnemyGravity.cpp">
      <Filter>ソース ファイル\function</Filter>
    </ClCompile>
    <ClCompile Include="hole.cpp">
      <Filter>ソース ファイル\object</Filter>
    </ClCompile>
    <ClCompile Include="funcCollisionHole_to_Enemy.cpp">
      <Filter>ソース ファイル\function</Filter>
    </ClCompile>
    <ClCompile Include="bear.cpp">
      <Filter>ソース ファイル\character\prize\move</Filter>
    </ClCompile>
  </ItemGroup>
  <ItemGroup>
    <None Include="data\SCRIPT\json\Prize_Box.json">
      <Filter>リソース ファイル</Filter>
    </None>
  </ItemGroup>
</Project>